
Microsoft Visual Studio Solution File, Format Version 12.00
# Visual Studio Version 17
VisualStudioVersion = 17.8.34330.188
MinimumVisualStudioVersion = 10.0.40219.1
Project("{FAE04EC0-301F-11D3-BF4B-00C04F79EFBC}") = "ProductAPI", "Microservices\ProductAPI\ProductAPI.csproj", "{47B578C1-0556-480F-8149-4E76A7124932}"
EndProject
Project("{FAE04EC0-301F-11D3-BF4B-00C04F79EFBC}") = "UserAPI", "Microservices\UserAPI\UserAPI.csproj", "{493F6FE0-8B9D-465E-B263-A8F533B3DBE6}"
EndProject
Project("{FAE04EC0-301F-11D3-BF4B-00C04F79EFBC}") = "OcelotAPIGateway", "OcelotAPIGateway\OcelotAPIGateway.csproj", "{CEF8AF41-DFCF-41B8-A0B0-68677103829D}"
EndProject
Global
	GlobalSection(SolutionConfigurationPlatforms) = preSolution
		Debug|Any CPU = Debug|Any CPU
		Release|Any CPU = Release|Any CPU
	EndGlobalSection
	GlobalSection(ProjectConfigurationPlatforms) = postSolution
		{47B578C1-0556-480F-8149-4E76A7124932}.Debug|Any CPU.ActiveCfg = Debug|Any CPU
		{47B578C1-0556-480F-8149-4E76A7124932}.Debug|Any CPU.Build.0 = Debug|Any CPU
		{47B578C1-0556-480F-8149-4E76A7124932}.Release|Any CPU.ActiveCfg = Release|Any CPU
		{47B578C1-0556-480F-8149-4E76A7124932}.Release|Any CPU.Build.0 = Release|Any CPU
		{493F6FE0-8B9D-465E-B263-A8F533B3DBE6}.Debug|Any CPU.ActiveCfg = Debug|Any CPU
		{493F6FE0-8B9D-465E-B263-A8F533B3DBE6}.Debug|Any CPU.Build.0 = Debug|Any CPU
		{493F6FE0-8B9D-465E-B263-A8F533B3DBE6}.Release|Any CPU.ActiveCfg = Release|Any CPU
		{493F6FE0-8B9D-465E-B263-A8F533B3DBE6}.Release|Any CPU.Build.0 = Release|Any CPU
		{CEF8AF41-DFCF-41B8-A0B0-68677103829D}.Debug|Any CPU.ActiveCfg = Debug|Any CPU
		{CEF8AF41-DFCF-41B8-A0B0-68677103829D}.Debug|Any CPU.Build.0 = Debug|Any CPU
		{CEF8AF41-DFCF-41B8-A0B0-68677103829D}.Release|Any CPU.ActiveCfg = Release|Any CPU
		{CEF8AF41-DFCF-41B8-A0B0-68677103829D}.Release|Any CPU.Build.0 = Release|Any CPU
	EndGlobalSection
	GlobalSection(SolutionProperties) = preSolution
		HideSolutionNode = FALSE
	EndGlobalSection
	GlobalSection(ExtensibilityGlobals) = postSolution
		SolutionGuid = {050B2818-E9EA-4B21-91A8-91571B8D5427}
	EndGlobalSection
EndGlobal
